
Microsoft Visual Studio Solution File, Format Version 12.00
# Visual Studio Version 16
VisualStudioVersion = 16.0.31105.61
MinimumVisualStudioVersion = 10.0.40219.1
Project("{FAE04EC0-301F-11D3-BF4B-00C04F79EFBC}") = "Entities", "Entities\Entities.csproj", "{6A4A04EA-8A56-434E-8F82-2DE9CD09043F}"
EndProject
Project("{FAE04EC0-301F-11D3-BF4B-00C04F79EFBC}") = "DataAccess", "DataAccess\DataAccess.csproj", "{4BE81550-B222-4D0B-9752-3DD95FDC9758}"
EndProject
Project("{FAE04EC0-301F-11D3-BF4B-00C04F79EFBC}") = "Business", "Business\Business.csproj", "{4BBA7C92-227B-47BB-8DAD-41B65B9B0159}"
EndProject
Project("{FAE04EC0-301F-11D3-BF4B-00C04F79EFBC}") = "ConsoleIU", "ConsoleIU\ConsoleIU.csproj", "{44BC6E38-915F-4845-97F3-E1A12460FCC9}"
EndProject
Global
	GlobalSection(SolutionConfigurationPlatforms) = preSolution
		Debug|Any CPU = Debug|Any CPU
		Release|Any CPU = Release|Any CPU
	EndGlobalSection
	GlobalSection(ProjectConfigurationPlatforms) = postSolution
		{6A4A04EA-8A56-434E-8F82-2DE9CD09043F}.Debug|Any CPU.ActiveCfg = Debug|Any CPU
		{6A4A04EA-8A56-434E-8F82-2DE9CD09043F}.Debug|Any CPU.Build.0 = Debug|Any CPU
		{6A4A04EA-8A56-434E-8F82-2DE9CD09043F}.Release|Any CPU.ActiveCfg = Release|Any CPU
		{6A4A04EA-8A56-434E-8F82-2DE9CD09043F}.Release|Any CPU.Build.0 = Release|Any CPU
		{4BE81550-B222-4D0B-9752-3DD95FDC9758}.Debug|Any CPU.ActiveCfg = Debug|Any CPU
		{4BE81550-B222-4D0B-9752-3DD95FDC9758}.Debug|Any CPU.Build.0 = Debug|Any CPU
		{4BE81550-B222-4D0B-9752-3DD95FDC9758}.Release|Any CPU.ActiveCfg = Release|Any CPU
		{4BE81550-B222-4D0B-9752-3DD95FDC9758}.Release|Any CPU.Build.0 = Release|Any CPU
		{4BBA7C92-227B-47BB-8DAD-41B65B9B0159}.Debug|Any CPU.ActiveCfg = Debug|Any CPU
		{4BBA7C92-227B-47BB-8DAD-41B65B9B0159}.Debug|Any CPU.Build.0 = Debug|Any CPU
		{4BBA7C92-227B-47BB-8DAD-41B65B9B0159}.Release|Any CPU.ActiveCfg = Release|Any CPU
		{4BBA7C92-227B-47BB-8DAD-41B65B9B0159}.Release|Any CPU.Build.0 = Release|Any CPU
		{44BC6E38-915F-4845-97F3-E1A12460FCC9}.Debug|Any CPU.ActiveCfg = Debug|Any CPU
		{44BC6E38-915F-4845-97F3-E1A12460FCC9}.Debug|Any CPU.Build.0 = Debug|Any CPU
		{44BC6E38-915F-4845-97F3-E1A12460FCC9}.Release|Any CPU.ActiveCfg = Release|Any CPU
		{44BC6E38-915F-4845-97F3-E1A12460FCC9}.Release|Any CPU.Build.0 = Release|Any CPU
	EndGlobalSection
	GlobalSection(SolutionProperties) = preSolution
		HideSolutionNode = FALSE
	EndGlobalSection
	GlobalSection(ExtensibilityGlobals) = postSolution
		SolutionGuid = {0E09F42C-D1D7-4F3F-A74C-4978D3C84CF2}
	EndGlobalSection
EndGlobal
